<?xml version="1.0" encoding="utf-8"?>
<Project ToolsVersion="4.0" xmlns="http://schemas.microsoft.com/developer/msbuild/2003">
  <ItemGroup>
    <Filter Include="Source Files">
      <UniqueIdentifier>{4FC737F1-C7A5-4376-A066-2A32D752A2FF}</UniqueIdentifier>
      <Extensions>cpp;c;cc;cxx;c++;cppm;ixx;def;odl;idl;hpj;bat;asm;asmx</Extensions>
    </Filter>
    <Filter Include="Header Files">
      <UniqueIdentifier>{93995380-89BD-4b04-88EB-625FBE52EBFB}</UniqueIdentifier>
      <Extensions>h;hh;hpp;hxx;h++;hm;inl;inc;ipp;xsd</Extensions>
    </Filter>
    <Filter Include="Resource Files">
      <UniqueIdentifier>{67DA6AB6-F800-4c08-8B7A-83BB121AAD01}</UniqueIdentifier>
      <Extensions>rc;ico;cur;bmp;dlg;rc2;rct;bin;rgs;gif;jpg;jpeg;jpe;resx;tiff;tif;png;wav;mfcribbon-ms</Extensions>
    </Filter>
    <Filter Include="Constants">
      <UniqueIdentifier>{d482b8a1-3a44-41b2-a928-c42d081dd39f}</UniqueIdentifier>
    </Filter>
    <Filter Include="Settings">
      <UniqueIdentifier>{b4c8bad0-266e-42db-b69d-8868c97b31b6}</UniqueIdentifier>
    </Filter>
    <Filter Include="Services">
      <UniqueIdentifier>{ba51f159-20ea-4322-8435-5d92fc5fdc85}</UniqueIdentifier>
    </Filter>
  </ItemGroup>
  <ItemGroup>
    <ClCompile Include="LightConstants.cpp">
      <Filter>Constants</Filter>
    </ClCompile>
    <ClCompile Include="MaterialConstants.cpp">
      <Filter>Constants</Filter>
    </ClCompile>
    <ClCompile Include="Settings.cpp">
      <Filter>Settings</Filter>
    </ClCompile>
    <ClCompile Include="FogService.cpp">
      <Filter>Services</Filter>
    </ClCompile>
    <ClCompile Include="LightService.cpp">
      <Filter>Services</Filter>
    </ClCompile>
    <ClCompile Include="RotationService.cpp">
      <Filter>Services</Filter>
    </ClCompile>
    <ClCompile Include="main.cpp">
      <Filter>Source Files</Filter>
    </ClCompile>
    <ClCompile Include="stb.cpp">
      <Filter>Source Files</Filter>
    </ClCompile>
    <ClCompile Include="TorusDrawerService.cpp">
      <Filter>Services</Filter>
    </ClCompile>
  </ItemGroup>
  <ItemGroup>
    <ClInclude Include="LightConstants.h">
      <Filter>Constants</Filter>
    </ClInclude>
    <ClInclude Include="MaterialConstants.h">
      <Filter>Constants</Filter>
    </ClInclude>
    <ClInclude Include="Settings.h">
      <Filter>Settings</Filter>
    </ClInclude>
    <ClInclude Include="FogService.h">
      <Filter>Services</Filter>
    </ClInclude>
    <ClInclude Include="LightService.h">
      <Filter>Services</Filter>
    </ClInclude>
    <ClInclude Include="RotationService.h">
      <Filter>Services</Filter>
    </ClInclude>
    <ClInclude Include="vector3.h">
      <Filter>Source Files</Filter>
    </ClInclude>
    <ClInclude Include="TorusDrawerService.h">
      <Filter>Services</Filter>
    </ClInclude>
  </ItemGroup>
</Project>